
Microsoft Visual Studio Solution File, Format Version 12.00
# Visual Studio Version 17
VisualStudioVersion = 17.5.002.0
MinimumVisualStudioVersion = 10.0.40219.1
Project("{9A19103F-16F7-4668-BE54-9A1E7A4F7556}") = "cadastros", "cadastros\cadastros.csproj", "{49598210-3323-4EF2-B99D-772495908727}"
EndProject
Global
	GlobalSection(SolutionConfigurationPlatforms) = preSolution
		Debug|Any CPU = Debug|Any CPU
		Release|Any CPU = Release|Any CPU
	EndGlobalSection
	GlobalSection(ProjectConfigurationPlatforms) = postSolution
		{49598210-3323-4EF2-B99D-772495908727}.Debug|Any CPU.ActiveCfg = Debug|Any CPU
		{49598210-3323-4EF2-B99D-772495908727}.Debug|Any CPU.Build.0 = Debug|Any CPU
		{49598210-3323-4EF2-B99D-772495908727}.Release|Any CPU.ActiveCfg = Release|Any CPU
		{49598210-3323-4EF2-B99D-772495908727}.Release|Any CPU.Build.0 = Release|Any CPU
	EndGlobalSection
	GlobalSection(SolutionProperties) = preSolution
		HideSolutionNode = FALSE
	EndGlobalSection
	GlobalSection(ExtensibilityGlobals) = postSolution
		SolutionGuid = {FA50B10B-9D04-4BC1-AE4B-CD67624D0206}
	EndGlobalSection
EndGlobal
